
Microsoft Visual Studio Solution File, Format Version 12.00
# Visual Studio Version 16
VisualStudioVersion = 16.0.31321.278
MinimumVisualStudioVersion = 10.0.40219.1
Project("{FAE04EC0-301F-11D3-BF4B-00C04F79EFBC}") = "InterviewPrepMVC", "InterviewPrepMVC\InterviewPrepMVC.csproj", "{BC3F5269-EA0C-4B0D-B279-3EB68D96257C}"
EndProject
Project("{FAE04EC0-301F-11D3-BF4B-00C04F79EFBC}") = "InterviewPrepTesting", "InterviewPrepTesting\InterviewPrepTesting.csproj", "{2F0C6CF1-BC6E-4732-8246-14F814A7D849}"
EndProject
Global
	GlobalSection(SolutionConfigurationPlatforms) = preSolution
		Debug|Any CPU = Debug|Any CPU
		Release|Any CPU = Release|Any CPU
	EndGlobalSection
	GlobalSection(ProjectConfigurationPlatforms) = postSolution
		{BC3F5269-EA0C-4B0D-B279-3EB68D96257C}.Debug|Any CPU.ActiveCfg = Debug|Any CPU
		{BC3F5269-EA0C-4B0D-B279-3EB68D96257C}.Debug|Any CPU.Build.0 = Debug|Any CPU
		{BC3F5269-EA0C-4B0D-B279-3EB68D96257C}.Release|Any CPU.ActiveCfg = Release|Any CPU
		{BC3F5269-EA0C-4B0D-B279-3EB68D96257C}.Release|Any CPU.Build.0 = Release|Any CPU
		{2F0C6CF1-BC6E-4732-8246-14F814A7D849}.Debug|Any CPU.ActiveCfg = Debug|Any CPU
		{2F0C6CF1-BC6E-4732-8246-14F814A7D849}.Debug|Any CPU.Build.0 = Debug|Any CPU
		{2F0C6CF1-BC6E-4732-8246-14F814A7D849}.Release|Any CPU.ActiveCfg = Release|Any CPU
		{2F0C6CF1-BC6E-4732-8246-14F814A7D849}.Release|Any CPU.Build.0 = Release|Any CPU
	EndGlobalSection
	GlobalSection(SolutionProperties) = preSolution
		HideSolutionNode = FALSE
	EndGlobalSection
	GlobalSection(ExtensibilityGlobals) = postSolution
		SolutionGuid = {F00B0A33-E997-4441-81B0-3092E02A3C38}
	EndGlobalSection
EndGlobal
